// !$*UTF8*$!
{
	archiveVersion = 1;
	classes = {
	};
	objectVersion = 56;
	objects = {

/* Begin PBXBuildFile section */
		03FFB3402B878AB9003B24BC /* RollDiceApp.swift in Sources */ = {isa = PBXBuildFile; fileRef = 03FFB33F2B878AB9003B24BC /* RollDiceApp.swift */; };
		03FFB3422B878AB9003B24BC /* ContentView.swift in Sources */ = {isa = PBXBuildFile; fileRef = 03FFB3412B878AB9003B24BC /* ContentView.swift */; };
		03FFB3442B878ABA003B24BC /* Assets.xcassets in Resources */ = {isa = PBXBuildFile; fileRef = 03FFB3432B878ABA003B24BC /* Assets.xcassets */; };
		03FFB3472B878ABA003B24BC /* Preview Assets.xcassets in Resources */ = {isa = PBXBuildFile; fileRef = 03FFB3462B878ABA003B24BC /* Preview Assets.xcassets */; };
		03FFB3502B87936F003B24BC /* FileManager-Extension.swift in Sources */ = {isa = PBXBuildFile; fileRef = 03FFB34F2B87936F003B24BC /* FileManager-Extension.swift */; };
		03FFB3522B87938F003B24BC /* GameResults.swift in Sources */ = {isa = PBXBuildFile; fileRef = 03FFB3512B87938F003B24BC /* GameResults.swift */; };
		03FFB3542B8793C7003B24BC /* RollResultsView.swift in Sources */ = {isa = PBXBuildFile; fileRef = 03FFB3532B8793C7003B24BC /* RollResultsView.swift */; };
/* End PBXBuildFile section */

/* Begin PBXFileReference section */
		03FFB33C2B878AB9003B24BC /* RollDice.app */ = {isa = PBXFileReference; explicitFileType = wrapper.application; includeInIndex = 0; path = RollDice.app; sourceTree = BUILT_PRODUCTS_DIR; };
		03FFB33F2B878AB9003B24BC /* RollDiceApp.swift */ = {isa = PBXFileReference; lastKnownFileType = sourcecode.swift; path = RollDiceApp.swift; sourceTree = "<group>"; };
		03FFB3412B878AB9003B24BC /* ContentView.swift */ = {isa = PBXFileReference; lastKnownFileType = sourcecode.swift; path = ContentView.swift; sourceTree = "<group>"; };
		03FFB3432B878ABA003B24BC /* Assets.xcassets */ = {isa = PBXFileReference; lastKnownFileType = folder.assetcatalog; path = Assets.xcassets; sourceTree = "<group>"; };
		03FFB3462B878ABA003B24BC /* Preview Assets.xcassets */ = {isa = PBXFileReference; lastKnownFileType = folder.assetcatalog; path = "Preview Assets.xcassets"; sourceTree = "<group>"; };
		03FFB34F2B87936F003B24BC /* FileManager-Extension.swift */ = {isa = PBXFileReference; lastKnownFileType = sourcecode.swift; path = "FileManager-Extension.swift"; sourceTree = "<group>"; };
		03FFB3512B87938F003B24BC /* GameResults.swift */ = {isa = PBXFileReference; lastKnownFileType = sourcecode.swift; path = GameResults.swift; sourceTree = "<group>"; };
		03FFB3532B8793C7003B24BC /* RollResultsView.swift */ = {isa = PBXFileReference; lastKnownFileType = sourcecode.swift; path = RollResultsView.swift; sourceTree = "<group>"; };
/* End PBXFileReference section */

/* Begin PBXFrameworksBuildPhase section */
		03FFB3392B878AB9003B24BC /* Frameworks */ = {
			isa = PBXFrameworksBuildPhase;
			buildActionMask = 2147483647;
			files = (
			);
			runOnlyForDeploymentPostprocessing = 0;
		};
/* End PBXFrameworksBuildPhase section */

/* Begin PBXGroup section */
		03FFB3332B878AB9003B24BC = {
			isa = PBXGroup;
			children = (
				03FFB33E2B878AB9003B24BC /* RollDice */,
				03FFB33D2B878AB9003B24BC /* Products */,
			);
			sourceTree = "<group>";
		};
		03FFB33D2B878AB9003B24BC /* Products */ = {
			isa = PBXGroup;
			children = (
				03FFB33C2B878AB9003B24BC /* RollDice.app */,
			);
			name = Products;
			sourceTree = "<group>";
		};
		03FFB33E2B878AB9003B24BC /* RollDice */ = {
			isa = PBXGroup;
			children = (
				03FFB33F2B878AB9003B24BC /* RollDiceApp.swift */,
				03FFB3412B878AB9003B24BC /* ContentView.swift */,
				03FFB34F2B87936F003B24BC /* FileManager-Extension.swift */,
				03FFB3512B87938F003B24BC /* GameResults.swift */,
				03FFB3532B8793C7003B24BC /* RollResultsView.swift */,
				03FFB3432B878ABA003B24BC /* Assets.xcassets */,
				03FFB3452B878ABA003B24BC /* Preview Content */,
			);
			path = RollDice;
			sourceTree = "<group>";
		};
		03FFB3452B878ABA003B24BC /* Preview Content */ = {
			isa = PBXGroup;
			children = (
				03FFB3462B878ABA003B24BC /* Preview Assets.xcassets */,
			);
			path = "Preview Content";
			sourceTree = "<group>";
		};
/* End PBXGroup section */

/* Begin PBXNativeTarget section */
		03FFB33B2B878AB9003B24BC /* RollDice */ = {
			isa = PBXNativeTarget;
			buildConfigurationList = 03FFB34A2B878ABA003B24BC /* Build configuration list for PBXNativeTarget "RollDice" */;
			buildPhases = (
				03FFB3382B878AB9003B24BC /* Sources */,
				03FFB3392B878AB9003B24BC /* Frameworks */,
				03FFB33A2B878AB9003B24BC /* Resources */,
			);
			buildRules = (
			);
			dependencies = (
			);
			name = RollDice;
			productName = RollDice;
			productReference = 03FFB33C2B878AB9003B24BC /* RollDice.app */;
			productType = "com.apple.product-type.application";
		};
/* End PBXNativeTarget section */

/* Begin PBXProject section */
		03FFB3342B878AB9003B24BC /* Project object */ = {
			isa = PBXProject;
			attributes = {
				BuildIndependentTargetsInParallel = 1;
				LastSwiftUpdateCheck = 1520;
				LastUpgradeCheck = 1520;
				TargetAttributes = {
					03FFB33B2B878AB9003B24BC = {
						CreatedOnToolsVersion = 15.2;
					};
				};
			};
			buildConfigurationList = 03FFB3372B878AB9003B24BC /* Build configuration list for PBXProject "RollDice" */;
			compatibilityVersion = "Xcode 14.0";
			developmentRegion = en;
			hasScannedForEncodings = 0;
			knownRegions = (
				en,
				Base,
			);
			mainGroup = 03FFB3332B878AB9003B24BC;
			productRefGroup = 03FFB33D2B878AB9003B24BC /* Products */;
			projectDirPath = "";
			projectRoot = "";
			targets = (
				03FFB33B2B878AB9003B24BC /* RollDice */,
			);
		};
/* End PBXProject section */

/* Begin PBXResourcesBuildPhase section */
		03FFB33A2B878AB9003B24BC /* Resources */ = {
			isa = PBXResourcesBuildPhase;
			buildActionMask = 2147483647;
			files = (
				03FFB3472B878ABA003B24BC /* Preview Assets.xcassets in Resources */,
				03FFB3442B878ABA003B24BC /* Assets.xcassets in Resources */,
			);
			runOnlyForDeploymentPostprocessing = 0;
		};
/* End PBXResourcesBuildPhase section */

/* Begin PBXSourcesBuildPhase section */
		03FFB3382B878AB9003B24BC /* Sources */ = {
			isa = PBXSourcesBuildPhase;
			buildActionMask = 2147483647;
			files = (
				03FFB3522B87938F003B24BC /* GameResults.swift in Sources */,
				03FFB3422B878AB9003B24BC /* ContentView.swift in Sources */,
				03FFB3502B87936F003B24BC /* FileManager-Extension.swift in Sources */,
				03FFB3402B878AB9003B24BC /* RollDiceApp.swift in Sources */,
				03FFB3542B8793C7003B24BC /* RollResultsView.swift in Sources */,
			);
			runOnlyForDeploymentPostprocessing = 0;
		};
/* End PBXSourcesBuildPhase section */

/* Begin XCBuildConfiguration section */
		03FFB3482B878ABA003B24BC /* Debug */ = {
			isa = XCBuildConfiguration;
			buildSettings = {
				ALWAYS_SEARCH_USER_PATHS = NO;
				ASSETCATALOG_COMPILER_GENERATE_SWIFT_ASSET_SYMBOL_EXTENSIONS = YES;
				CLANG_ANALYZER_NONNULL = YES;
				CLANG_ANALYZER_NUMBER_OBJECT_CONVERSION = YES_AGGRESSIVE;
				CLANG_CXX_LANGUAGE_STANDARD = "gnu++20";
				CLANG_ENABLE_MODULES = YES;
				CLANG_ENABLE_OBJC_ARC = YES;
				CLANG_ENABLE_OBJC_WEAK = YES;
				CLANG_WARN_BLOCK_CAPTURE_AUTORELEASING = YES;
				CLANG_WARN_BOOL_CONVERSION = YES;
				CLANG_WARN_COMMA = YES;
				CLANG_WARN_CONSTANT_CONVERSION = YES;
				CLANG_WARN_DEPRECATED_OBJC_IMPLEMENTATIONS = YES;
				CLANG_WARN_DIRECT_OBJC_ISA_USAGE = YES_ERROR;
				CLANG_WARN_DOCUMENTATION_COMMENTS = YES;
				CLANG_WARN_EMPTY_BODY = YES;
				CLANG_WARN_ENUM_CONVERSION = YES;
				CLANG_WARN_INFINITE_RECURSION = YES;
				CLANG_WARN_INT_CONVERSION = YES;
				CLANG_WARN_NON_LITERAL_NULL_CONVERSION = YES;
				CLANG_WARN_OBJC_IMPLICIT_RETAIN_SELF = YES;
				CLANG_WARN_OBJC_LITERAL_CONVERSION = YES;
				CLANG_WARN_OBJC_ROOT_CLASS = YES_ERROR;
				CLANG_WARN_QUOTED_INCLUDE_IN_FRAMEWORK_HEADER = YES;
				CLANG_WARN_RANGE_LOOP_ANALYSIS = YES;
				CLANG_WARN_STRICT_PROTOTYPES = YES;
				CLANG_WARN_SUSPICIOUS_MOVE = YES;
				CLANG_WARN_UNGUARDED_AVAILABILITY = YES_AGGRESSIVE;
				CLANG_WARN_UNREACHABLE_CODE = YES;
				CLANG_WARN__DUPLICATE_METHOD_MATCH = YES;
				COPY_PHASE_STRIP = NO;
				DEBUG_INFORMATION_FORMAT = dwarf;
				ENABLE_STRICT_OBJC_MSGSEND = YES;
				ENABLE_TESTABILITY = YES;
				ENABLE_USER_SCRIPT_SANDBOXING = YES;
				GCC_C_LANGUAGE_STANDARD = gnu17;
				GCC_DYNAMIC_NO_PIC = NO;
				GCC_NO_COMMON_BLOCKS = YES;
				GCC_OPTIMIZATION_LEVEL = 0;
				GCC_PREPROCESSOR_DEFINITIONS = (
					"DEBUG=1",
					"$(inherited)",
				);
				GCC_WARN_64_TO_32_BIT_CONVERSION = YES;
				GCC_WARN_ABOUT_RETURN_TYPE = YES_ERROR;
				GCC_WARN_UNDECLARED_SELECTOR = YES;
				GCC_WARN_UNINITIALIZED_AUTOS = YES_AGGRESSIVE;
				GCC_WARN_UNUSED_FUNCTION = YES;
				GCC_WARN_UNUSED_VARIABLE = YES;
				IPHONEOS_DEPLOYMENT_TARGET = 17.2;
				LOCALIZATION_PREFERS_STRING_CATALOGS = YES;
				MTL_ENABLE_DEBUG_INFO = INCLUDE_SOURCE;
				MTL_FAST_MATH = YES;
				ONLY_ACTIVE_ARCH = YES;
				SDKROOT = iphoneos;
				SWIFT_ACTIVE_COMPILATION_CONDITIONS = "DEBUG $(inherited)";
				SWIFT_OPTIMIZATION_LEVEL = "-Onone";
			};
			name = Debug;
		};
		03FFB3492B878ABA003B24BC /* Release */ = {
			isa = XCBuildConfiguration;
			buildSettings = {
				ALWAYS_SEARCH_USER_PATHS = NO;
				ASSETCATALOG_COMPILER_GENERATE_SWIFT_ASSET_SYMBOL_EXTENSIONS = YES;
				CLANG_ANALYZER_NONNULL = YES;
				CLANG_ANALYZER_NUMBER_OBJECT_CONVERSION = YES_AGGRESSIVE;
				CLANG_CXX_LANGUAGE_STANDARD = "gnu++20";
				CLANG_ENABLE_MODULES = YES;
				CLANG_ENABLE_OBJC_ARC = YES;
				CLANG_ENABLE_OBJC_WEAK = YES;
				CLANG_WARN_BLOCK_CAPTURE_AUTORELEASING = YES;
				CLANG_WARN_BOOL_CONVERSION = YES;
				CLANG_WARN_COMMA = YES;
				CLANG_WARN_CONSTANT_CONVERSION = YES;
				CLANG_WARN_DEPRECATED_OBJC_IMPLEMENTATIONS = YES;
				CLANG_WARN_DIRECT_OBJC_ISA_USAGE = YES_ERROR;
				CLANG_WARN_DOCUMENTATION_COMMENTS = YES;
				CLANG_WARN_EMPTY_BODY = YES;
				CLANG_WARN_ENUM_CONVERSION = YES;
				CLANG_WARN_INFINITE_RECURSION = YES;
				CLANG_WARN_INT_CONVERSION = YES;
				CLANG_WARN_NON_LITERAL_NULL_CONVERSION = YES;
				CLANG_WARN_OBJC_IMPLICIT_RETAIN_SELF = YES;
				CLANG_WARN_OBJC_LITERAL_CONVERSION = YES;
				CLANG_WARN_OBJC_ROOT_CLASS = YES_ERROR;
				CLANG_WARN_QUOTED_INCLUDE_IN_FRAMEWORK_HEADER = YES;
				CLANG_WARN_RANGE_LOOP_ANALYSIS = YES;
				CLANG_WARN_STRICT_PROTOTYPES = YES;
				CLANG_WARN_SUSPICIOUS_MOVE = YES;
				CLANG_WARN_UNGUARDED_AVAILABILITY = YES_AGGRESSIVE;
				CLANG_WARN_UNREACHABLE_CODE = YES;
				CLANG_WARN__DUPLICATE_METHOD_MATCH = YES;
				COPY_PHASE_STRIP = NO;
				DEBUG_INFORMATION_FORMAT = "dwarf-with-dsym";
				ENABLE_NS_ASSERTIONS = NO;
				ENABLE_STRICT_OBJC_MSGSEND = YES;
				ENABLE_USER_SCRIPT_SANDBOXING = YES;
				GCC_C_LANGUAGE_STANDARD = gnu17;
				GCC_NO_COMMON_BLOCKS = YES;
				GCC_WARN_64_TO_32_BIT_CONVERSION = YES;
				GCC_WARN_ABOUT_RETURN_TYPE = YES_ERROR;
				GCC_WARN_UNDECLARED_SELECTOR = YES;
				GCC_WARN_UNINITIALIZED_AUTOS = YES_AGGRESSIVE;
				GCC_WARN_UNUSED_FUNCTION = YES;
				GCC_WARN_UNUSED_VARIABLE = YES;
				IPHONEOS_DEPLOYMENT_TARGET = 17.2;
				LOCALIZATION_PREFERS_STRING_CATALOGS = YES;
				MTL_ENABLE_DEBUG_INFO = NO;
				MTL_FAST_MATH = YES;
				SDKROOT = iphoneos;
				SWIFT_COMPILATION_MODE = wholemodule;
				VALIDATE_PRODUCT = YES;
			};
			name = Release;
		};
		03FFB34B2B878ABA003B24BC /* Debug */ = {
			isa = XCBuildConfiguration;
			buildSettings = {
				ASSETCATALOG_COMPILER_APPICON_NAME = AppIcon;
				ASSETCATALOG_COMPILER_GLOBAL_ACCENT_COLOR_NAME = AccentColor;
				CODE_SIGN_STYLE = Automatic;
				CURRENT_PROJECT_VERSION = 1;
				DEVELOPMENT_ASSET_PATHS = "\"RollDice/Preview Content\"";
				DEVELOPMENT_TEAM = 7S577HFPMD;
				ENABLE_PREVIEWS = YES;
				GENERATE_INFOPLIST_FILE = YES;
				INFOPLIST_KEY_UIApplicationSceneManifest_Generation = YES;
				INFOPLIST_KEY_UIApplicationSupportsIndirectInputEvents = YES;
				INFOPLIST_KEY_UILaunchScreen_Generation = YES;
				INFOPLIST_KEY_UISupportedInterfaceOrientations_iPad = "UIInterfaceOrientationPortrait UIInterfaceOrientationPortraitUpsideDown UIInterfaceOrientationLandscapeLeft UIInterfaceOrientationLandscapeRight";
				INFOPLIST_KEY_UISupportedInterfaceOrientations_iPhone = "UIInterfaceOrientationPortrait UIInterfaceOrientationLandscapeLeft UIInterfaceOrientationLandscapeRight";
				LD_RUNPATH_SEARCH_PATHS = (
					"$(inherited)",
					"@executable_path/Frameworks",
				);
				MARKETING_VERSION = 1.0;
				PRODUCT_BUNDLE_IDENTIFIER = "-00DaysOfSwiftUI.RollDice";
				PRODUCT_NAME = "$(TARGET_NAME)";
				SWIFT_EMIT_LOC_STRINGS = YES;
				SWIFT_VERSION = 5.0;
				TARGETED_DEVICE_FAMILY = "1,2";
			};
			name = Debug;
		};
		03FFB34C2B878ABA003B24BC /* Release */ = {
			isa = XCBuildConfiguration;
			buildSettings = {
				ASSETCATALOG_COMPILER_APPICON_NAME = AppIcon;
				ASSETCATALOG_COMPILER_GLOBAL_ACCENT_COLOR_NAME = AccentColor;
				CODE_SIGN_STYLE = Automatic;
				CURRENT_PROJECT_VERSION = 1;
				DEVELOPMENT_ASSET_PATHS = "\"RollDice/Preview Content\"";
				DEVELOPMENT_TEAM = 7S577HFPMD;
				ENABLE_PREVIEWS = YES;
				GENERATE_INFOPLIST_FILE = YES;
				INFOPLIST_KEY_UIApplicationSceneManifest_Generation = YES;
				INFOPLIST_KEY_UIApplicationSupportsIndirectInputEvents = YES;
				INFOPLIST_KEY_UILaunchScreen_Generation = YES;
				INFOPLIST_KEY_UISupportedInterfaceOrientations_iPad = "UIInterfaceOrientationPortrait UIInterfaceOrientationPortraitUpsideDown UIInterfaceOrientationLandscapeLeft UIInterfaceOrientationLandscapeRight";
				INFOPLIST_KEY_UISupportedInterfaceOrientations_iPhone = "UIInterfaceOrientationPortrait UIInterfaceOrientationLandscapeLeft UIInterfaceOrientationLandscapeRight";
				LD_RUNPATH_SEARCH_PATHS = (
					"$(inherited)",
					"@executable_path/Frameworks",
				);
				MARKETING_VERSION = 1.0;
				PRODUCT_BUNDLE_IDENTIFIER = "-00DaysOfSwiftUI.RollDice";
				PRODUCT_NAME = "$(TARGET_NAME)";
				SWIFT_EMIT_LOC_STRINGS = YES;
				SWIFT_VERSION = 5.0;
				TARGETED_DEVICE_FAMILY = "1,2";
			};
			name = Release;
		};
/* End XCBuildConfiguration section */

/* Begin XCConfigurationList section */
		03FFB3372B878AB9003B24BC /* Build configuration list for PBXProject "RollDice" */ = {
			isa = XCConfigurationList;
			buildConfigurations = (
				03FFB3482B878ABA003B24BC /* Debug */,
				03FFB3492B878ABA003B24BC /* Release */,
			);
			defaultConfigurationIsVisible = 0;
			defaultConfigurationName = Release;
		};
		03FFB34A2B878ABA003B24BC /* Build configuration list for PBXNativeTarget "RollDice" */ = {
			isa = XCConfigurationList;
			buildConfigurations = (
				03FFB34B2B878ABA003B24BC /* Debug */,
				03FFB34C2B878ABA003B24BC /* Release */,
			);
			defaultConfigurationIsVisible = 0;
			defaultConfigurationName = Release;
		};
/* End XCConfigurationList section */
	};
	rootObject = 03FFB3342B878AB9003B24BC /* Project object */;
}
